// !$*UTF8*$!
{
	archiveVersion = 1;
	classes = {
	};
	objectVersion = 46;
	objects = {

/* Begin PBXBuildFile section */
		D03400D41E5EBD8E00B848BC /* AppDelegate.swift in Sources */ = {isa = PBXBuildFile; fileRef = D03400D31E5EBD8E00B848BC /* AppDelegate.swift */; };
		D03400D61E5EBD8E00B848BC /* ViewController.swift in Sources */ = {isa = PBXBuildFile; fileRef = D03400D51E5EBD8E00B848BC /* ViewController.swift */; };
		D03400D91E5EBD8E00B848BC /* Main.storyboard in Resources */ = {isa = PBXBuildFile; fileRef = D03400D71E5EBD8E00B848BC /* Main.storyboard */; };
		D03400DB1E5EBD8E00B848BC /* Assets.xcassets in Resources */ = {isa = PBXBuildFile; fileRef = D03400DA1E5EBD8E00B848BC /* Assets.xcassets */; };
		D03400DE1E5EBD8E00B848BC /* LaunchScreen.storyboard in Resources */ = {isa = PBXBuildFile; fileRef = D03400DC1E5EBD8E00B848BC /* LaunchScreen.storyboard */; };
/* End PBXBuildFile section */

/* Begin PBXFileReference section */
		D03400D01E5EBD8E00B848BC /* pitchperfect.app */ = {isa = PBXFileReference; explicitFileType = wrapper.application; includeInIndex = 0; path = pitchperfect.app; sourceTree = BUILT_PRODUCTS_DIR; };
		D03400D31E5EBD8E00B848BC /* AppDelegate.swift */ = {isa = PBXFileReference; lastKnownFileType = sourcecode.swift; path = AppDelegate.swift; sourceTree = "<group>"; };
		D03400D51E5EBD8E00B848BC /* ViewController.swift */ = {isa = PBXFileReference; lastKnownFileType = sourcecode.swift; path = ViewController.swift; sourceTree = "<group>"; };
		D03400D81E5EBD8E00B848BC /* Base */ = {isa = PBXFileReference; lastKnownFileType = file.storyboard; name = Base; path = Base.lproj/Main.storyboard; sourceTree = "<group>"; };
		D03400DA1E5EBD8E00B848BC /* Assets.xcassets */ = {isa = PBXFileReference; lastKnownFileType = folder.assetcatalog; path = Assets.xcassets; sourceTree = "<group>"; };
		D03400DD1E5EBD8E00B848BC /* Base */ = {isa = PBXFileReference; lastKnownFileType = file.storyboard; name = Base; path = Base.lproj/LaunchScreen.storyboard; sourceTree = "<group>"; };
		D03400DF1E5EBD8E00B848BC /* Info.plist */ = {isa = PBXFileReference; lastKnownFileType = text.plist.xml; path = Info.plist; sourceTree = "<group>"; };
/* End PBXFileReference section */

/* Begin PBXFrameworksBuildPhase section */
		D03400CD1E5EBD8D00B848BC /* Frameworks */ = {
			isa = PBXFrameworksBuildPhase;
			buildActionMask = 2147483647;
			files = (
			);
			runOnlyForDeploymentPostprocessing = 0;
		};
/* End PBXFrameworksBuildPhase section */

/* Begin PBXGroup section */
		D03400C71E5EBD8D00B848BC = {
			isa = PBXGroup;
			children = (
				D03400D21E5EBD8E00B848BC /* pitchperfect */,
				D03400D11E5EBD8E00B848BC /* Products */,
			);
			sourceTree = "<group>";
		};
		D03400D11E5EBD8E00B848BC /* Products */ = {
			isa = PBXGroup;
			children = (
				D03400D01E5EBD8E00B848BC /* pitchperfect.app */,
			);
			name = Products;
			sourceTree = "<group>";
		};
		D03400D21E5EBD8E00B848BC /* pitchperfect */ = {
			isa = PBXGroup;
			children = (
				D03400D31E5EBD8E00B848BC /* AppDelegate.swift */,
				D03400D51E5EBD8E00B848BC /* ViewController.swift */,
				D03400D71E5EBD8E00B848BC /* Main.storyboard */,
				D03400DA1E5EBD8E00B848BC /* Assets.xcassets */,
				D03400DC1E5EBD8E00B848BC /* LaunchScreen.storyboard */,
				D03400DF1E5EBD8E00B848BC /* Info.plist */,
			);
			path = pitchperfect;
			sourceTree = "<group>";
		};
/* End PBXGroup section */

/* Begin PBXNativeTarget section */
		D03400CF1E5EBD8D00B848BC /* pitchperfect */ = {
			isa = PBXNativeTarget;
			buildConfigurationList = D03400E21E5EBD8E00B848BC /* Build configuration list for PBXNativeTarget "pitchperfect" */;
			buildPhases = (
				D03400CC1E5EBD8D00B848BC /* Sources */,
				D03400CD1E5EBD8D00B848BC /* Frameworks */,
				D03400CE1E5EBD8D00B848BC /* Resources */,
			);
			buildRules = (
			);
			dependencies = (
			);
			name = pitchperfect;
			productName = pitchperfect;
			productReference = D03400D01E5EBD8E00B848BC /* pitchperfect.app */;
			productType = "com.apple.product-type.application";
		};
/* End PBXNativeTarget section */

/* Begin PBXProject section */
		D03400C81E5EBD8D00B848BC /* Project object */ = {
			isa = PBXProject;
			attributes = {
				LastSwiftUpdateCheck = 0820;
				LastUpgradeCheck = 0820;
				ORGANIZATIONNAME = "Divya Yadav";
				TargetAttributes = {
					D03400CF1E5EBD8D00B848BC = {
						CreatedOnToolsVersion = 8.2.1;
						DevelopmentTeam = QS82Y8BS4V;
						ProvisioningStyle = Automatic;
					};
				};
			};
			buildConfigurationList = D03400CB1E5EBD8D00B848BC /* Build configuration list for PBXProject "pitchperfect" */;
			compatibilityVersion = "Xcode 3.2";
			developmentRegion = English;
			hasScannedForEncodings = 0;
			knownRegions = (
				en,
				Base,
			);
			mainGroup = D03400C71E5EBD8D00B848BC;
			productRefGroup = D03400D11E5EBD8E00B848BC /* Products */;
			projectDirPath = "";
			projectRoot = "";
			targets = (
				D03400CF1E5EBD8D00B848BC /* pitchperfect */,
			);
		};
/* End PBXProject section */

/* Begin PBXResourcesBuildPhase section */
		D03400CE1E5EBD8D00B848BC /* Resources */ = {
			isa = PBXResourcesBuildPhase;
			buildActionMask = 2147483647;
			files = (
				D03400DE1E5EBD8E00B848BC /* LaunchScreen.storyboard in Resources */,
				D03400DB1E5EBD8E00B848BC /* Assets.xcassets in Resources */,
				D03400D91E5EBD8E00B848BC /* Main.storyboard in Resources */,
			);
			runOnlyForDeploymentPostprocessing = 0;
		};
/* End PBXResourcesBuildPhase section */

/* Begin PBXSourcesBuildPhase section */
		D03400CC1E5EBD8D00B848BC /* Sources */ = {
			isa = PBXSourcesBuildPhase;
			buildActionMask = 2147483647;
			files = (
				D03400D61E5EBD8E00B848BC /* ViewController.swift in Sources */,
				D03400D41E5EBD8E00B848BC /* AppDelegate.swift in Sources */,
			);
			runOnlyForDeploymentPostprocessing = 0;
		};
/* End PBXSourcesBuildPhase section */

/* Begin PBXVariantGroup section */
		D03400D71E5EBD8E00B848BC /* Main.storyboard */ = {
			isa = PBXVariantGroup;
			children = (
				D03400D81E5EBD8E00B848BC /* Base */,
			);
			name = Main.storyboard;
			sourceTree = "<group>";
		};
		D03400DC1E5EBD8E00B848BC /* LaunchScreen.storyboard */ = {
			isa = PBXVariantGroup;
			children = (
				D03400DD1E5EBD8E00B848BC /* Base */,
			);
			name = LaunchScreen.storyboard;
			sourceTree = "<group>";
		};
/* End PBXVariantGroup section */

/* Begin XCBuildConfiguration section */
		D03400E01E5EBD8E00B848BC /* Debug */ = {
			isa = XCBuildConfiguration;
			buildSettings = {
				ALWAYS_SEARCH_USER_PATHS = NO;
				CLANG_ANALYZER_NONNULL = YES;
				CLANG_CXX_LANGUAGE_STANDARD = "gnu++0x";
				CLANG_CXX_LIBRARY = "libc++";
				CLANG_ENABLE_MODULES = YES;
				CLANG_ENABLE_OBJC_ARC = YES;
				CLANG_WARN_BOOL_CONVERSION = YES;
				CLANG_WARN_CONSTANT_CONVERSION = YES;
				CLANG_WARN_DIRECT_OBJC_ISA_USAGE = YES_ERROR;
				CLANG_WARN_DOCUMENTATION_COMMENTS = YES;
				CLANG_WARN_EMPTY_BODY = YES;
				CLANG_WARN_ENUM_CONVERSION = YES;
				CLANG_WARN_INFINITE_RECURSION = YES;
				CLANG_WARN_INT_CONVERSION = YES;
				CLANG_WARN_OBJC_ROOT_CLASS = YES_ERROR;
				CLANG_WARN_SUSPICIOUS_MOVE = YES;
				CLANG_WARN_UNREACHABLE_CODE = YES;
				CLANG_WARN__DUPLICATE_METHOD_MATCH = YES;
				"CODE_SIGN_IDENTITY[sdk=iphoneos*]" = "iPhone Developer";
				COPY_PHASE_STRIP = NO;
				DEBUG_INFORMATION_FORMAT = dwarf;
				ENABLE_STRICT_OBJC_MSGSEND = YES;
				ENABLE_TESTABILITY = YES;
				GCC_C_LANGUAGE_STANDARD = gnu99;
				GCC_DYNAMIC_NO_PIC = NO;
				GCC_NO_COMMON_BLOCKS = YES;
				GCC_OPTIMIZATION_LEVEL = 0;
				GCC_PREPROCESSOR_DEFINITIONS = (
					"DEBUG=1",
					"$(inherited)",
				);
				GCC_WARN_64_TO_32_BIT_CONVERSION = YES;
				GCC_WARN_ABOUT_RETURN_TYPE = YES_ERROR;
				GCC_WARN_UNDECLARED_SELECTOR = YES;
				GCC_WARN_UNINITIALIZED_AUTOS = YES_AGGRESSIVE;
				GCC_WARN_UNUSED_FUNCTION = YES;
				GCC_WARN_UNUSED_VARIABLE = YES;
				IPHONEOS_DEPLOYMENT_TARGET = 10.2;
				MTL_ENABLE_DEBUG_INFO = YES;
				ONLY_ACTIVE_ARCH = YES;
				SDKROOT = iphoneos;
				SWIFT_ACTIVE_COMPILATION_CONDITIONS = DEBUG;
				SWIFT_OPTIMIZATION_LEVEL = "-Onone";
			};
			name = Debug;
		};
		D03400E11E5EBD8E00B848BC /* Release */ = {
			isa = XCBuildConfiguration;
			buildSettings = {
				ALWAYS_SEARCH_USER_PATHS = NO;
				CLANG_ANALYZER_NONNULL = YES;
				CLANG_CXX_LANGUAGE_STANDARD = "gnu++0x";
				CLANG_CXX_LIBRARY = "libc++";
				CLANG_ENABLE_MODULES = YES;
				CLANG_ENABLE_OBJC_ARC = YES;
				CLANG_WARN_BOOL_CONVERSION = YES;
				CLANG_WARN_CONSTANT_CONVERSION = YES;
				CLANG_WARN_DIRECT_OBJC_ISA_USAGE = YES_ERROR;
				CLANG_WARN_DOCUMENTATION_COMMENTS = YES;
				CLANG_WARN_EMPTY_BODY = YES;
				CLANG_WARN_ENUM_CONVERSION = YES;
				CLANG_WARN_INFINITE_RECURSION = YES;
				CLANG_WARN_INT_CONVERSION = YES;
				CLANG_WARN_OBJC_ROOT_CLASS = YES_ERROR;
				CLANG_WARN_SUSPICIOUS_MOVE = YES;
				CLANG_WARN_UNREACHABLE_CODE = YES;
				CLANG_WARN__DUPLICATE_METHOD_MATCH = YES;
				"CODE_SIGN_IDENTITY[sdk=iphoneos*]" = "iPhone Developer";
				COPY_PHASE_STRIP = NO;
				DEBUG_INFORMATION_FORMAT = "dwarf-with-dsym";
				ENABLE_NS_ASSERTIONS = NO;
				ENABLE_STRICT_OBJC_MSGSEND = YES;
				GCC_C_LANGUAGE_STANDARD = gnu99;
				GCC_NO_COMMON_BLOCKS = YES;
				GCC_WARN_64_TO_32_BIT_CONVERSION = YES;
				GCC_WARN_ABOUT_RETURN_TYPE = YES_ERROR;
				GCC_WARN_UNDECLARED_SELECTOR = YES;
				GCC_WARN_UNINITIALIZED_AUTOS = YES_AGGRESSIVE;
				GCC_WARN_UNUSED_FUNCTION = YES;
				GCC_WARN_UNUSED_VARIABLE = YES;
				IPHONEOS_DEPLOYMENT_TARGET = 10.2;
				MTL_ENABLE_DEBUG_INFO = NO;
				SDKROOT = iphoneos;
				SWIFT_OPTIMIZATION_LEVEL = "-Owholemodule";
				VALIDATE_PRODUCT = YES;
			};
			name = Release;
		};
		D03400E31E5EBD8E00B848BC /* Debug */ = {
			isa = XCBuildConfiguration;
			buildSettings = {
				ASSETCATALOG_COMPILER_APPICON_NAME = AppIcon;
				DEVELOPMENT_TEAM = QS82Y8BS4V;
				INFOPLIST_FILE = pitchperfect/Info.plist;
				LD_RUNPATH_SEARCH_PATHS = "$(inherited) @executable_path/Frameworks";
				PRODUCT_BUNDLE_IDENTIFIER = com.dyadav.pitchperfect;
				PRODUCT_NAME = "$(TARGET_NAME)";
				SWIFT_VERSION = 3.0;
			};
			name = Debug;
		};
		D03400E41E5EBD8E00B848BC /* Release */ = {
			isa = XCBuildConfiguration;
			buildSettings = {
				ASSETCATALOG_COMPILER_APPICON_NAME = AppIcon;
				DEVELOPMENT_TEAM = QS82Y8BS4V;
				INFOPLIST_FILE = pitchperfect/Info.plist;
				LD_RUNPATH_SEARCH_PATHS = "$(inherited) @executable_path/Frameworks";
				PRODUCT_BUNDLE_IDENTIFIER = com.dyadav.pitchperfect;
				PRODUCT_NAME = "$(TARGET_NAME)";
				SWIFT_VERSION = 3.0;
			};
			name = Release;
		};
/* End XCBuildConfiguration section */

/* Begin XCConfigurationList section */
		D03400CB1E5EBD8D00B848BC /* Build configuration list for PBXProject "pitchperfect" */ = {
			isa = XCConfigurationList;
			buildConfigurations = (
				D03400E01E5EBD8E00B848BC /* Debug */,
				D03400E11E5EBD8E00B848BC /* Release */,
			);
			defaultConfigurationIsVisible = 0;
			defaultConfigurationName = Release;
		};
		D03400E21E5EBD8E00B848BC /* Build configuration list for PBXNativeTarget "pitchperfect" */ = {
			isa = XCConfigurationList;
			buildConfigurations = (
				D03400E31E5EBD8E00B848BC /* Debug */,
				D03400E41E5EBD8E00B848BC /* Release */,
			);
			defaultConfigurationIsVisible = 0;
		};
/* End XCConfigurationList section */
	};
	rootObject = D03400C81E5EBD8D00B848BC /* Project object */;
}
